// !$*UTF8*$!
{
	archiveVersion = 1;
	classes = {
	};
	objectVersion = 50;
	objects = {

/* Begin PBXBuildFile section */
		BD19B248231DCC1600A898A7 /* ReviewRow.swift in Sources */ = {isa = PBXBuildFile; fileRef = BD19B247231DCC1600A898A7 /* ReviewRow.swift */; };
		BD19B24A231DDDBF00A898A7 /* ReviewList.swift in Sources */ = {isa = PBXBuildFile; fileRef = BD19B249231DDDBF00A898A7 /* ReviewList.swift */; };
		BD1A269B23240144005E697F /* AppVersion.swift in Sources */ = {isa = PBXBuildFile; fileRef = BD1A269A23240144005E697F /* AppVersion.swift */; };
		BD1A269D23240E08005E697F /* Review.swift in Sources */ = {isa = PBXBuildFile; fileRef = BD1A269C23240E08005E697F /* Review.swift */; };
		BD1A269F23240E74005E697F /* StarRating.swift in Sources */ = {isa = PBXBuildFile; fileRef = BD1A269E23240E74005E697F /* StarRating.swift */; };
		BD1A26A123241123005E697F /* ReviewStats.swift in Sources */ = {isa = PBXBuildFile; fileRef = BD1A26A023241123005E697F /* ReviewStats.swift */; };
		BD1A26A32324115B005E697F /* AppReviewURL.swift in Sources */ = {isa = PBXBuildFile; fileRef = BD1A26A22324115B005E697F /* AppReviewURL.swift */; };
		BD6CA1EB231F439700C79B21 /* ReviewFetcher.swift in Sources */ = {isa = PBXBuildFile; fileRef = BD6CA1EA231F439700C79B21 /* ReviewFetcher.swift */; };
		BDA57152231D478900017643 /* AppDelegate.swift in Sources */ = {isa = PBXBuildFile; fileRef = BDA57151231D478900017643 /* AppDelegate.swift */; };
		BDA57154231D478900017643 /* SceneDelegate.swift in Sources */ = {isa = PBXBuildFile; fileRef = BDA57153231D478900017643 /* SceneDelegate.swift */; };
		BDA57156231D478900017643 /* StarRatings.swift in Sources */ = {isa = PBXBuildFile; fileRef = BDA57155231D478900017643 /* StarRatings.swift */; };
		BDA57158231D478B00017643 /* Assets.xcassets in Resources */ = {isa = PBXBuildFile; fileRef = BDA57157231D478B00017643 /* Assets.xcassets */; };
		BDA5715B231D478B00017643 /* Preview Assets.xcassets in Resources */ = {isa = PBXBuildFile; fileRef = BDA5715A231D478B00017643 /* Preview Assets.xcassets */; };
		BDA5715E231D478B00017643 /* LaunchScreen.storyboard in Resources */ = {isa = PBXBuildFile; fileRef = BDA5715C231D478B00017643 /* LaunchScreen.storyboard */; };
/* End PBXBuildFile section */

/* Begin PBXFileReference section */
		BD19B247231DCC1600A898A7 /* ReviewRow.swift */ = {isa = PBXFileReference; lastKnownFileType = sourcecode.swift; path = ReviewRow.swift; sourceTree = "<group>"; };
		BD19B249231DDDBF00A898A7 /* ReviewList.swift */ = {isa = PBXFileReference; lastKnownFileType = sourcecode.swift; path = ReviewList.swift; sourceTree = "<group>"; };
		BD1A269A23240144005E697F /* AppVersion.swift */ = {isa = PBXFileReference; lastKnownFileType = sourcecode.swift; path = AppVersion.swift; sourceTree = "<group>"; };
		BD1A269C23240E08005E697F /* Review.swift */ = {isa = PBXFileReference; lastKnownFileType = sourcecode.swift; path = Review.swift; sourceTree = "<group>"; };
		BD1A269E23240E74005E697F /* StarRating.swift */ = {isa = PBXFileReference; lastKnownFileType = sourcecode.swift; path = StarRating.swift; sourceTree = "<group>"; };
		BD1A26A023241123005E697F /* ReviewStats.swift */ = {isa = PBXFileReference; lastKnownFileType = sourcecode.swift; path = ReviewStats.swift; sourceTree = "<group>"; };
		BD1A26A22324115B005E697F /* AppReviewURL.swift */ = {isa = PBXFileReference; lastKnownFileType = sourcecode.swift; path = AppReviewURL.swift; sourceTree = "<group>"; };
		BD6CA1EA231F439700C79B21 /* ReviewFetcher.swift */ = {isa = PBXFileReference; lastKnownFileType = sourcecode.swift; path = ReviewFetcher.swift; sourceTree = "<group>"; };
		BDA5714E231D478900017643 /* TopRatedReviews.app */ = {isa = PBXFileReference; explicitFileType = wrapper.application; includeInIndex = 0; path = TopRatedReviews.app; sourceTree = BUILT_PRODUCTS_DIR; };
		BDA57151231D478900017643 /* AppDelegate.swift */ = {isa = PBXFileReference; lastKnownFileType = sourcecode.swift; path = AppDelegate.swift; sourceTree = "<group>"; };
		BDA57153231D478900017643 /* SceneDelegate.swift */ = {isa = PBXFileReference; lastKnownFileType = sourcecode.swift; path = SceneDelegate.swift; sourceTree = "<group>"; };
		BDA57155231D478900017643 /* StarRatings.swift */ = {isa = PBXFileReference; lastKnownFileType = sourcecode.swift; path = StarRatings.swift; sourceTree = "<group>"; };
		BDA57157231D478B00017643 /* Assets.xcassets */ = {isa = PBXFileReference; lastKnownFileType = folder.assetcatalog; path = Assets.xcassets; sourceTree = "<group>"; };
		BDA5715A231D478B00017643 /* Preview Assets.xcassets */ = {isa = PBXFileReference; lastKnownFileType = folder.assetcatalog; path = "Preview Assets.xcassets"; sourceTree = "<group>"; };
		BDA5715D231D478B00017643 /* Base */ = {isa = PBXFileReference; lastKnownFileType = file.storyboard; name = Base; path = Base.lproj/LaunchScreen.storyboard; sourceTree = "<group>"; };
		BDA5715F231D478B00017643 /* Info.plist */ = {isa = PBXFileReference; lastKnownFileType = text.plist.xml; path = Info.plist; sourceTree = "<group>"; };
/* End PBXFileReference section */

/* Begin PBXFrameworksBuildPhase section */
		BDA5714B231D478900017643 /* Frameworks */ = {
			isa = PBXFrameworksBuildPhase;
			buildActionMask = 2147483647;
			files = (
			);
			runOnlyForDeploymentPostprocessing = 0;
		};
/* End PBXFrameworksBuildPhase section */

/* Begin PBXGroup section */
		BD1A26992323FEEF005E697F /* Reviews */ = {
			isa = PBXGroup;
			children = (
				BD1A269A23240144005E697F /* AppVersion.swift */,
				BD1A26A22324115B005E697F /* AppReviewURL.swift */,
				BD1A26A023241123005E697F /* ReviewStats.swift */,
				BD1A269C23240E08005E697F /* Review.swift */,
			);
			path = Reviews;
			sourceTree = "<group>";
		};
		BDA57145231D478900017643 = {
			isa = PBXGroup;
			children = (
				BDA57150231D478900017643 /* TopRatedReviews */,
				BDA5714F231D478900017643 /* Products */,
			);
			sourceTree = "<group>";
		};
		BDA5714F231D478900017643 /* Products */ = {
			isa = PBXGroup;
			children = (
				BDA5714E231D478900017643 /* TopRatedReviews.app */,
			);
			name = Products;
			sourceTree = "<group>";
		};
		BDA57150231D478900017643 /* TopRatedReviews */ = {
			isa = PBXGroup;
			children = (
				BDA57151231D478900017643 /* AppDelegate.swift */,
				BDA57153231D478900017643 /* SceneDelegate.swift */,
				BD6CA1EA231F439700C79B21 /* ReviewFetcher.swift */,
				BD19B247231DCC1600A898A7 /* ReviewRow.swift */,
				BD1A269E23240E74005E697F /* StarRating.swift */,
				BDA57155231D478900017643 /* StarRatings.swift */,
				BD1A26992323FEEF005E697F /* Reviews */,
				BD19B249231DDDBF00A898A7 /* ReviewList.swift */,
				BDA57157231D478B00017643 /* Assets.xcassets */,
				BDA5715C231D478B00017643 /* LaunchScreen.storyboard */,
				BDA5715F231D478B00017643 /* Info.plist */,
				BDA57159231D478B00017643 /* Preview Content */,
			);
			path = TopRatedReviews;
			sourceTree = "<group>";
		};
		BDA57159231D478B00017643 /* Preview Content */ = {
			isa = PBXGroup;
			children = (
				BDA5715A231D478B00017643 /* Preview Assets.xcassets */,
			);
			path = "Preview Content";
			sourceTree = "<group>";
		};
/* End PBXGroup section */

/* Begin PBXNativeTarget section */
		BDA5714D231D478900017643 /* TopRatedReviews */ = {
			isa = PBXNativeTarget;
			buildConfigurationList = BDA57162231D478B00017643 /* Build configuration list for PBXNativeTarget "TopRatedReviews" */;
			buildPhases = (
				BDA5714A231D478900017643 /* Sources */,
				BDA5714B231D478900017643 /* Frameworks */,
				BDA5714C231D478900017643 /* Resources */,
			);
			buildRules = (
			);
			dependencies = (
			);
			name = TopRatedReviews;
			productName = TopRatedReviews;
			productReference = BDA5714E231D478900017643 /* TopRatedReviews.app */;
			productType = "com.apple.product-type.application";
		};
/* End PBXNativeTarget section */

/* Begin PBXProject section */
		BDA57146231D478900017643 /* Project object */ = {
			isa = PBXProject;
			attributes = {
				LastSwiftUpdateCheck = 1100;
				LastUpgradeCheck = 1100;
				ORGANIZATIONNAME = "Paul Solt";
				TargetAttributes = {
					BDA5714D231D478900017643 = {
						CreatedOnToolsVersion = 11.0;
					};
				};
			};
			buildConfigurationList = BDA57149231D478900017643 /* Build configuration list for PBXProject "TopRatedReviews" */;
			compatibilityVersion = "Xcode 9.3";
			developmentRegion = en;
			hasScannedForEncodings = 0;
			knownRegions = (
				en,
				Base,
			);
			mainGroup = BDA57145231D478900017643;
			productRefGroup = BDA5714F231D478900017643 /* Products */;
			projectDirPath = "";
			projectRoot = "";
			targets = (
				BDA5714D231D478900017643 /* TopRatedReviews */,
			);
		};
/* End PBXProject section */

/* Begin PBXResourcesBuildPhase section */
		BDA5714C231D478900017643 /* Resources */ = {
			isa = PBXResourcesBuildPhase;
			buildActionMask = 2147483647;
			files = (
				BDA5715E231D478B00017643 /* LaunchScreen.storyboard in Resources */,
				BDA5715B231D478B00017643 /* Preview Assets.xcassets in Resources */,
				BDA57158231D478B00017643 /* Assets.xcassets in Resources */,
			);
			runOnlyForDeploymentPostprocessing = 0;
		};
/* End PBXResourcesBuildPhase section */

/* Begin PBXSourcesBuildPhase section */
		BDA5714A231D478900017643 /* Sources */ = {
			isa = PBXSourcesBuildPhase;
			buildActionMask = 2147483647;
			files = (
				BDA57152231D478900017643 /* AppDelegate.swift in Sources */,
				BD1A269D23240E08005E697F /* Review.swift in Sources */,
				BD1A269F23240E74005E697F /* StarRating.swift in Sources */,
				BD1A269B23240144005E697F /* AppVersion.swift in Sources */,
				BD19B248231DCC1600A898A7 /* ReviewRow.swift in Sources */,
				BDA57154231D478900017643 /* SceneDelegate.swift in Sources */,
				BD19B24A231DDDBF00A898A7 /* ReviewList.swift in Sources */,
				BD1A26A32324115B005E697F /* AppReviewURL.swift in Sources */,
				BDA57156231D478900017643 /* StarRatings.swift in Sources */,
				BD6CA1EB231F439700C79B21 /* ReviewFetcher.swift in Sources */,
				BD1A26A123241123005E697F /* ReviewStats.swift in Sources */,
			);
			runOnlyForDeploymentPostprocessing = 0;
		};
/* End PBXSourcesBuildPhase section */

/* Begin PBXVariantGroup section */
		BDA5715C231D478B00017643 /* LaunchScreen.storyboard */ = {
			isa = PBXVariantGroup;
			children = (
				BDA5715D231D478B00017643 /* Base */,
			);
			name = LaunchScreen.storyboard;
			sourceTree = "<group>";
		};
/* End PBXVariantGroup section */

/* Begin XCBuildConfiguration section */
		BDA57160231D478B00017643 /* Debug */ = {
			isa = XCBuildConfiguration;
			buildSettings = {
				ALWAYS_SEARCH_USER_PATHS = NO;
				CLANG_ANALYZER_NONNULL = YES;
				CLANG_ANALYZER_NUMBER_OBJECT_CONVERSION = YES_AGGRESSIVE;
				CLANG_CXX_LANGUAGE_STANDARD = "gnu++14";
				CLANG_CXX_LIBRARY = "libc++";
				CLANG_ENABLE_MODULES = YES;
				CLANG_ENABLE_OBJC_ARC = YES;
				CLANG_ENABLE_OBJC_WEAK = YES;
				CLANG_WARN_BLOCK_CAPTURE_AUTORELEASING = YES;
				CLANG_WARN_BOOL_CONVERSION = YES;
				CLANG_WARN_COMMA = YES;
				CLANG_WARN_CONSTANT_CONVERSION = YES;
				CLANG_WARN_DEPRECATED_OBJC_IMPLEMENTATIONS = YES;
				CLANG_WARN_DIRECT_OBJC_ISA_USAGE = YES_ERROR;
				CLANG_WARN_DOCUMENTATION_COMMENTS = YES;
				CLANG_WARN_EMPTY_BODY = YES;
				CLANG_WARN_ENUM_CONVERSION = YES;
				CLANG_WARN_INFINITE_RECURSION = YES;
				CLANG_WARN_INT_CONVERSION = YES;
				CLANG_WARN_NON_LITERAL_NULL_CONVERSION = YES;
				CLANG_WARN_OBJC_IMPLICIT_RETAIN_SELF = YES;
				CLANG_WARN_OBJC_LITERAL_CONVERSION = YES;
				CLANG_WARN_OBJC_ROOT_CLASS = YES_ERROR;
				CLANG_WARN_RANGE_LOOP_ANALYSIS = YES;
				CLANG_WARN_STRICT_PROTOTYPES = YES;
				CLANG_WARN_SUSPICIOUS_MOVE = YES;
				CLANG_WARN_UNGUARDED_AVAILABILITY = YES_AGGRESSIVE;
				CLANG_WARN_UNREACHABLE_CODE = YES;
				CLANG_WARN__DUPLICATE_METHOD_MATCH = YES;
				COPY_PHASE_STRIP = NO;
				DEBUG_INFORMATION_FORMAT = dwarf;
				ENABLE_STRICT_OBJC_MSGSEND = YES;
				ENABLE_TESTABILITY = YES;
				GCC_C_LANGUAGE_STANDARD = gnu11;
				GCC_DYNAMIC_NO_PIC = NO;
				GCC_NO_COMMON_BLOCKS = YES;
				GCC_OPTIMIZATION_LEVEL = 0;
				GCC_PREPROCESSOR_DEFINITIONS = (
					"DEBUG=1",
					"$(inherited)",
				);
				GCC_WARN_64_TO_32_BIT_CONVERSION = YES;
				GCC_WARN_ABOUT_RETURN_TYPE = YES_ERROR;
				GCC_WARN_UNDECLARED_SELECTOR = YES;
				GCC_WARN_UNINITIALIZED_AUTOS = YES_AGGRESSIVE;
				GCC_WARN_UNUSED_FUNCTION = YES;
				GCC_WARN_UNUSED_VARIABLE = YES;
				IPHONEOS_DEPLOYMENT_TARGET = 13.0;
				MTL_ENABLE_DEBUG_INFO = INCLUDE_SOURCE;
				MTL_FAST_MATH = YES;
				ONLY_ACTIVE_ARCH = YES;
				SDKROOT = iphoneos;
				SWIFT_ACTIVE_COMPILATION_CONDITIONS = DEBUG;
				SWIFT_OPTIMIZATION_LEVEL = "-Onone";
			};
			name = Debug;
		};
		BDA57161231D478B00017643 /* Release */ = {
			isa = XCBuildConfiguration;
			buildSettings = {
				ALWAYS_SEARCH_USER_PATHS = NO;
				CLANG_ANALYZER_NONNULL = YES;
				CLANG_ANALYZER_NUMBER_OBJECT_CONVERSION = YES_AGGRESSIVE;
				CLANG_CXX_LANGUAGE_STANDARD = "gnu++14";
				CLANG_CXX_LIBRARY = "libc++";
				CLANG_ENABLE_MODULES = YES;
				CLANG_ENABLE_OBJC_ARC = YES;
				CLANG_ENABLE_OBJC_WEAK = YES;
				CLANG_WARN_BLOCK_CAPTURE_AUTORELEASING = YES;
				CLANG_WARN_BOOL_CONVERSION = YES;
				CLANG_WARN_COMMA = YES;
				CLANG_WARN_CONSTANT_CONVERSION = YES;
				CLANG_WARN_DEPRECATED_OBJC_IMPLEMENTATIONS = YES;
				CLANG_WARN_DIRECT_OBJC_ISA_USAGE = YES_ERROR;
				CLANG_WARN_DOCUMENTATION_COMMENTS = YES;
				CLANG_WARN_EMPTY_BODY = YES;
				CLANG_WARN_ENUM_CONVERSION = YES;
				CLANG_WARN_INFINITE_RECURSION = YES;
				CLANG_WARN_INT_CONVERSION = YES;
				CLANG_WARN_NON_LITERAL_NULL_CONVERSION = YES;
				CLANG_WARN_OBJC_IMPLICIT_RETAIN_SELF = YES;
				CLANG_WARN_OBJC_LITERAL_CONVERSION = YES;
				CLANG_WARN_OBJC_ROOT_CLASS = YES_ERROR;
				CLANG_WARN_RANGE_LOOP_ANALYSIS = YES;
				CLANG_WARN_STRICT_PROTOTYPES = YES;
				CLANG_WARN_SUSPICIOUS_MOVE = YES;
				CLANG_WARN_UNGUARDED_AVAILABILITY = YES_AGGRESSIVE;
				CLANG_WARN_UNREACHABLE_CODE = YES;
				CLANG_WARN__DUPLICATE_METHOD_MATCH = YES;
				COPY_PHASE_STRIP = NO;
				DEBUG_INFORMATION_FORMAT = "dwarf-with-dsym";
				ENABLE_NS_ASSERTIONS = NO;
				ENABLE_STRICT_OBJC_MSGSEND = YES;
				GCC_C_LANGUAGE_STANDARD = gnu11;
				GCC_NO_COMMON_BLOCKS = YES;
				GCC_WARN_64_TO_32_BIT_CONVERSION = YES;
				GCC_WARN_ABOUT_RETURN_TYPE = YES_ERROR;
				GCC_WARN_UNDECLARED_SELECTOR = YES;
				GCC_WARN_UNINITIALIZED_AUTOS = YES_AGGRESSIVE;
				GCC_WARN_UNUSED_FUNCTION = YES;
				GCC_WARN_UNUSED_VARIABLE = YES;
				IPHONEOS_DEPLOYMENT_TARGET = 13.0;
				MTL_ENABLE_DEBUG_INFO = NO;
				MTL_FAST_MATH = YES;
				SDKROOT = iphoneos;
				SWIFT_COMPILATION_MODE = wholemodule;
				SWIFT_OPTIMIZATION_LEVEL = "-O";
				VALIDATE_PRODUCT = YES;
			};
			name = Release;
		};
		BDA57163231D478B00017643 /* Debug */ = {
			isa = XCBuildConfiguration;
			buildSettings = {
				ASSETCATALOG_COMPILER_APPICON_NAME = AppIcon;
				CODE_SIGN_STYLE = Automatic;
				DEVELOPMENT_ASSET_PATHS = "\"TopRatedReviews/Preview Content\"";
				DEVELOPMENT_TEAM = VXUQXR6S56;
				ENABLE_PREVIEWS = YES;
				INFOPLIST_FILE = TopRatedReviews/Info.plist;
				LD_RUNPATH_SEARCH_PATHS = (
					"$(inherited)",
					"@executable_path/Frameworks",
				);
				PRODUCT_BUNDLE_IDENTIFIER = com.paulsolt.TopRatedReviews;
				PRODUCT_NAME = "$(TARGET_NAME)";
				SWIFT_VERSION = 5.0;
				TARGETED_DEVICE_FAMILY = "1,2";
			};
			name = Debug;
		};
		BDA57164231D478B00017643 /* Release */ = {
			isa = XCBuildConfiguration;
			buildSettings = {
				ASSETCATALOG_COMPILER_APPICON_NAME = AppIcon;
				CODE_SIGN_STYLE = Automatic;
				DEVELOPMENT_ASSET_PATHS = "\"TopRatedReviews/Preview Content\"";
				DEVELOPMENT_TEAM = VXUQXR6S56;
				ENABLE_PREVIEWS = YES;
				INFOPLIST_FILE = TopRatedReviews/Info.plist;
				LD_RUNPATH_SEARCH_PATHS = (
					"$(inherited)",
					"@executable_path/Frameworks",
				);
				PRODUCT_BUNDLE_IDENTIFIER = com.paulsolt.TopRatedReviews;
				PRODUCT_NAME = "$(TARGET_NAME)";
				SWIFT_VERSION = 5.0;
				TARGETED_DEVICE_FAMILY = "1,2";
			};
			name = Release;
		};
/* End XCBuildConfiguration section */

/* Begin XCConfigurationList section */
		BDA57149231D478900017643 /* Build configuration list for PBXProject "TopRatedReviews" */ = {
			isa = XCConfigurationList;
			buildConfigurations = (
				BDA57160231D478B00017643 /* Debug */,
				BDA57161231D478B00017643 /* Release */,
			);
			defaultConfigurationIsVisible = 0;
			defaultConfigurationName = Release;
		};
		BDA57162231D478B00017643 /* Build configuration list for PBXNativeTarget "TopRatedReviews" */ = {
			isa = XCConfigurationList;
			buildConfigurations = (
				BDA57163231D478B00017643 /* Debug */,
				BDA57164231D478B00017643 /* Release */,
			);
			defaultConfigurationIsVisible = 0;
			defaultConfigurationName = Release;
		};
/* End XCConfigurationList section */
	};
	rootObject = BDA57146231D478900017643 /* Project object */;
}
